
Microsoft Visual Studio Solution File, Format Version 12.00
# Visual Studio Version 16
VisualStudioVersion = 16.0.30128.74
MinimumVisualStudioVersion = 10.0.40219.1
Project("{9A19103F-16F7-4668-BE54-9A1E7A4F7556}") = "CSVParserExample", "CSVParserExample\CSVParserExample.csproj", "{92665066-D51D-4A68-9326-3894BAE6DC98}"
EndProject
Project("{FAE04EC0-301F-11D3-BF4B-00C04F79EFBC}") = "CSVParser", "CSVParser\CSVParser.csproj", "{E6ECB2C2-F956-4578-B0C9-ECBFFD159DB6}"
EndProject
Global
	GlobalSection(SolutionConfigurationPlatforms) = preSolution
		Debug|Any CPU = Debug|Any CPU
		Release|Any CPU = Release|Any CPU
	EndGlobalSection
	GlobalSection(ProjectConfigurationPlatforms) = postSolution
		{92665066-D51D-4A68-9326-3894BAE6DC98}.Debug|Any CPU.ActiveCfg = Debug|Any CPU
		{92665066-D51D-4A68-9326-3894BAE6DC98}.Debug|Any CPU.Build.0 = Debug|Any CPU
		{92665066-D51D-4A68-9326-3894BAE6DC98}.Release|Any CPU.ActiveCfg = Release|Any CPU
		{92665066-D51D-4A68-9326-3894BAE6DC98}.Release|Any CPU.Build.0 = Release|Any CPU
		{E6ECB2C2-F956-4578-B0C9-ECBFFD159DB6}.Debug|Any CPU.ActiveCfg = Debug|Any CPU
		{E6ECB2C2-F956-4578-B0C9-ECBFFD159DB6}.Debug|Any CPU.Build.0 = Debug|Any CPU
		{E6ECB2C2-F956-4578-B0C9-ECBFFD159DB6}.Release|Any CPU.ActiveCfg = Release|Any CPU
		{E6ECB2C2-F956-4578-B0C9-ECBFFD159DB6}.Release|Any CPU.Build.0 = Release|Any CPU
	EndGlobalSection
	GlobalSection(SolutionProperties) = preSolution
		HideSolutionNode = FALSE
	EndGlobalSection
	GlobalSection(ExtensibilityGlobals) = postSolution
		SolutionGuid = {FA11B8F3-F3A6-4DDC-868C-9939E80EF3DF}
	EndGlobalSection
EndGlobal
